{
  "name": "pureshop-mini-program",
  "version": "1.0.0",
  "lockfileVersion": 1,
  "requires": true,
  "dependencies": {
    "async": {
      "version": "3.2.0",
      "resolved": "https://registry.npmjs.org/async/-/async-3.2.0.tgz",
      "integrity": "sha512-TR2mEZFVOj2pLStYxLht7TyfuRzaydfpxr3k9RpHIzMgw7A64dzsdqCxH1WJyQdoe8T10nDXd9wnEigmiuHIZw=="
    },
    "wefetch": {
      "version": "1.3.5",
      "resolved": "https://registry.npmjs.org/wefetch/-/wefetch-1.3.5.tgz",
      "integrity": "sha512-89uT+EcsdIiSE5sUIg15MSNU7itj4tqT5N04N39ZpEV5We0hKjzngCz3EllwYdEnmXlww2xNa++//44PTf0CuA=="
    }
  }
}
